
Microsoft Visual Studio Solution File, Format Version 12.00
# Visual Studio Version 17
VisualStudioVersion = 17.0.32112.339
MinimumVisualStudioVersion = 10.0.40219.1
Project("{FAE04EC0-301F-11D3-BF4B-00C04F79EFBC}") = "Finall", "Finall\Finall.csproj", "{B8798BCD-02FC-4900-BD12-2633B39B9D90}"
EndProject
Project("{FAE04EC0-301F-11D3-BF4B-00C04F79EFBC}") = "Negociocapa", "Negociocapa\Negociocapa.csproj", "{66D76E0F-4C8C-4348-8B97-E21FF3F28E5C}"
EndProject
Project("{FAE04EC0-301F-11D3-BF4B-00C04F79EFBC}") = "EntidadCapa", "EntidadCapa\EntidadCapa.csproj", "{9D711A4B-0B54-491E-8777-CB3F4839018C}"
EndProject
Global
	GlobalSection(SolutionConfigurationPlatforms) = preSolution
		Debug|Any CPU = Debug|Any CPU
		Release|Any CPU = Release|Any CPU
	EndGlobalSection
	GlobalSection(ProjectConfigurationPlatforms) = postSolution
		{B8798BCD-02FC-4900-BD12-2633B39B9D90}.Debug|Any CPU.ActiveCfg = Debug|Any CPU
		{B8798BCD-02FC-4900-BD12-2633B39B9D90}.Debug|Any CPU.Build.0 = Debug|Any CPU
		{B8798BCD-02FC-4900-BD12-2633B39B9D90}.Release|Any CPU.ActiveCfg = Release|Any CPU
		{B8798BCD-02FC-4900-BD12-2633B39B9D90}.Release|Any CPU.Build.0 = Release|Any CPU
		{66D76E0F-4C8C-4348-8B97-E21FF3F28E5C}.Debug|Any CPU.ActiveCfg = Debug|Any CPU
		{66D76E0F-4C8C-4348-8B97-E21FF3F28E5C}.Debug|Any CPU.Build.0 = Debug|Any CPU
		{66D76E0F-4C8C-4348-8B97-E21FF3F28E5C}.Release|Any CPU.ActiveCfg = Release|Any CPU
		{66D76E0F-4C8C-4348-8B97-E21FF3F28E5C}.Release|Any CPU.Build.0 = Release|Any CPU
		{9D711A4B-0B54-491E-8777-CB3F4839018C}.Debug|Any CPU.ActiveCfg = Debug|Any CPU
		{9D711A4B-0B54-491E-8777-CB3F4839018C}.Debug|Any CPU.Build.0 = Debug|Any CPU
		{9D711A4B-0B54-491E-8777-CB3F4839018C}.Release|Any CPU.ActiveCfg = Release|Any CPU
		{9D711A4B-0B54-491E-8777-CB3F4839018C}.Release|Any CPU.Build.0 = Release|Any CPU
	EndGlobalSection
	GlobalSection(SolutionProperties) = preSolution
		HideSolutionNode = FALSE
	EndGlobalSection
	GlobalSection(ExtensibilityGlobals) = postSolution
		SolutionGuid = {B2EAC645-35CD-4D86-8E3C-E889E4470059}
	EndGlobalSection
EndGlobal
